{"is_source_file": false, "format": "", "description": "", "external_files": [], "external_methods": [], "published": [], "classes": [], "methods": [], "calls": [], "search-terms": [], "state": 2, "file_id": 3, "knowledge_revision": 13, "git_revision": "18320a57eb2cce36c3d99cdee98de13b21c8cf1c", "filename": "/home/kavia/workspace/code-generation/eventease-6689-6695/main_container_for_eventease/post_process_status.lock", "hash": "9c4ed7ef73e22b872b8055bec08b8979", "format-version": 4, "code-base-name": "default", "revision_history": [{"13": "18320a57eb2cce36c3d99cdee98de13b21c8cf1c"}]}